
Microsoft Visual Studio Solution File, Format Version 12.00
# Visual Studio Version 17
VisualStudioVersion = 17.5.002.0
MinimumVisualStudioVersion = 10.0.40219.1
Project("{9A19103F-16F7-4668-BE54-9A1E7A4F7556}") = "OpenTKMesh", "OpenTKMesh.csproj", "{E122E64D-E811-4CFF-9063-C5877D9D6A01}"
EndProject
Global
	GlobalSection(SolutionConfigurationPlatforms) = preSolution
		Debug|Any CPU = Debug|Any CPU
		Release|Any CPU = Release|Any CPU
	EndGlobalSection
	GlobalSection(ProjectConfigurationPlatforms) = postSolution
		{E122E64D-E811-4CFF-9063-C5877D9D6A01}.Debug|Any CPU.ActiveCfg = Debug|Any CPU
		{E122E64D-E811-4CFF-9063-C5877D9D6A01}.Debug|Any CPU.Build.0 = Debug|Any CPU
		{E122E64D-E811-4CFF-9063-C5877D9D6A01}.Release|Any CPU.ActiveCfg = Release|Any CPU
		{E122E64D-E811-4CFF-9063-C5877D9D6A01}.Release|Any CPU.Build.0 = Release|Any CPU
	EndGlobalSection
	GlobalSection(SolutionProperties) = preSolution
		HideSolutionNode = FALSE
	EndGlobalSection
	GlobalSection(ExtensibilityGlobals) = postSolution
		SolutionGuid = {130BFDF5-8B94-44EC-99E8-6FF0433297DF}
	EndGlobalSection
EndGlobal
